
Microsoft Visual Studio Solution File, Format Version 12.00
# Visual Studio Version 16
VisualStudioVersion = 16.0.29806.167
MinimumVisualStudioVersion = 10.0.40219.1
Project("{9A19103F-16F7-4668-BE54-9A1E7A4F7556}") = "BK.Plugins.MouseHook", "Source\BK.Plugins.MouseHook\BK.Plugins.MouseHook.csproj", "{BF0F14E7-6907-49A9-BF01-75DBE2DE584F}"
EndProject
Project("{FAE04EC0-301F-11D3-BF4B-00C04F79EFBC}") = "BK.Plugins.PInvoke", "Source\BK.Plugins.PInvoke\BK.Plugins.PInvoke.csproj", "{01364ED3-07F3-4767-9F9B-C00117585799}"
EndProject
Project("{9A19103F-16F7-4668-BE54-9A1E7A4F7556}") = "BK.Plugins.CreationalHelpers", "Source\BK.Plugins.CreationalHelpers\BK.Plugins.CreationalHelpers.csproj", "{EFCEC88C-FF19-45DA-8BED-2D68535BABCD}"
EndProject
Project("{2150E333-8FDC-42A3-9474-1A3956D46DE8}") = "Examples", "Examples", "{7F321CD4-22F2-4A21-A159-4C598EAB5BCE}"
EndProject
Project("{FAE04EC0-301F-11D3-BF4B-00C04F79EFBC}") = "MouseHook.ConsoleApp", "Examples\MouseHook.ConsoleApp\MouseHook.ConsoleApp\MouseHook.ConsoleApp.csproj", "{426EA503-4ED0-424E-A72A-D316434E1FB2}"
EndProject
Project("{FAE04EC0-301F-11D3-BF4B-00C04F79EFBC}") = "BK.Plugins.MouseHook.Tests", "Tests\BK.Plugins.MouseHook.Tests\BK.Plugins.MouseHook.Tests.csproj", "{80A8A18C-5E45-4228-B440-668DAACB81DA}"
EndProject
Project("{9A19103F-16F7-4668-BE54-9A1E7A4F7556}") = "BK.IoC", "Source\BK.IoC\BK.IoC.csproj", "{8A2BA79C-3621-4F60-BA3A-9653283041B6}"
EndProject
Project("{9A19103F-16F7-4668-BE54-9A1E7A4F7556}") = "BK.IoC.Tests", "Tests\BK.IoC.Tests\BK.IoC.Tests.csproj", "{7A37C1D4-067A-4F5C-819B-57CCB29F33DF}"
EndProject
Project("{2150E333-8FDC-42A3-9474-1A3956D46DE8}") = "Tests", "Tests", "{7B1320D4-45B6-49AE-BF45-AB22ACE18336}"
EndProject
Project("{2150E333-8FDC-42A3-9474-1A3956D46DE8}") = "Source", "Source", "{E5419FBC-5386-4315-A38B-E0F8A651D61C}"
	ProjectSection(SolutionItems) = preProject
		Directory.Build.props = Directory.Build.props
	EndProjectSection
EndProject
Project("{FAE04EC0-301F-11D3-BF4B-00C04F79EFBC}") = "MouseHook.Wpf", "Examples\MouseHook.Wpf\MouseHook.Wpf.csproj", "{40E5D991-6B47-4E14-9486-F08926A5E6A9}"
EndProject
Project("{FAE04EC0-301F-11D3-BF4B-00C04F79EFBC}") = "BK.Plugins.MouseHookRx", "Source\BK.Plugins.MouseHookRx\BK.Plugins.MouseHookRx.csproj", "{E21C9F3A-CB95-43EA-99AE-80D77685E1BD}"
EndProject
Global
	GlobalSection(SolutionConfigurationPlatforms) = preSolution
		Debug|Any CPU = Debug|Any CPU
		Release|Any CPU = Release|Any CPU
	EndGlobalSection
	GlobalSection(ProjectConfigurationPlatforms) = postSolution
		{BF0F14E7-6907-49A9-BF01-75DBE2DE584F}.Debug|Any CPU.ActiveCfg = Debug|Any CPU
		{BF0F14E7-6907-49A9-BF01-75DBE2DE584F}.Debug|Any CPU.Build.0 = Debug|Any CPU
		{BF0F14E7-6907-49A9-BF01-75DBE2DE584F}.Release|Any CPU.ActiveCfg = Release|Any CPU
		{BF0F14E7-6907-49A9-BF01-75DBE2DE584F}.Release|Any CPU.Build.0 = Release|Any CPU
		{01364ED3-07F3-4767-9F9B-C00117585799}.Debug|Any CPU.ActiveCfg = Debug|Any CPU
		{01364ED3-07F3-4767-9F9B-C00117585799}.Debug|Any CPU.Build.0 = Debug|Any CPU
		{01364ED3-07F3-4767-9F9B-C00117585799}.Release|Any CPU.ActiveCfg = Release|Any CPU
		{01364ED3-07F3-4767-9F9B-C00117585799}.Release|Any CPU.Build.0 = Release|Any CPU
		{EFCEC88C-FF19-45DA-8BED-2D68535BABCD}.Debug|Any CPU.ActiveCfg = Debug|Any CPU
		{EFCEC88C-FF19-45DA-8BED-2D68535BABCD}.Debug|Any CPU.Build.0 = Debug|Any CPU
		{EFCEC88C-FF19-45DA-8BED-2D68535BABCD}.Release|Any CPU.ActiveCfg = Release|Any CPU
		{EFCEC88C-FF19-45DA-8BED-2D68535BABCD}.Release|Any CPU.Build.0 = Release|Any CPU
		{426EA503-4ED0-424E-A72A-D316434E1FB2}.Debug|Any CPU.ActiveCfg = Debug|Any CPU
		{426EA503-4ED0-424E-A72A-D316434E1FB2}.Debug|Any CPU.Build.0 = Debug|Any CPU
		{426EA503-4ED0-424E-A72A-D316434E1FB2}.Release|Any CPU.ActiveCfg = Release|Any CPU
		{426EA503-4ED0-424E-A72A-D316434E1FB2}.Release|Any CPU.Build.0 = Release|Any CPU
		{80A8A18C-5E45-4228-B440-668DAACB81DA}.Debug|Any CPU.ActiveCfg = Debug|Any CPU
		{80A8A18C-5E45-4228-B440-668DAACB81DA}.Debug|Any CPU.Build.0 = Debug|Any CPU
		{80A8A18C-5E45-4228-B440-668DAACB81DA}.Release|Any CPU.ActiveCfg = Release|Any CPU
		{80A8A18C-5E45-4228-B440-668DAACB81DA}.Release|Any CPU.Build.0 = Release|Any CPU
		{8A2BA79C-3621-4F60-BA3A-9653283041B6}.Debug|Any CPU.ActiveCfg = Debug|Any CPU
		{8A2BA79C-3621-4F60-BA3A-9653283041B6}.Debug|Any CPU.Build.0 = Debug|Any CPU
		{8A2BA79C-3621-4F60-BA3A-9653283041B6}.Release|Any CPU.ActiveCfg = Release|Any CPU
		{8A2BA79C-3621-4F60-BA3A-9653283041B6}.Release|Any CPU.Build.0 = Release|Any CPU
		{7A37C1D4-067A-4F5C-819B-57CCB29F33DF}.Debug|Any CPU.ActiveCfg = Debug|Any CPU
		{7A37C1D4-067A-4F5C-819B-57CCB29F33DF}.Debug|Any CPU.Build.0 = Debug|Any CPU
		{7A37C1D4-067A-4F5C-819B-57CCB29F33DF}.Release|Any CPU.ActiveCfg = Release|Any CPU
		{7A37C1D4-067A-4F5C-819B-57CCB29F33DF}.Release|Any CPU.Build.0 = Release|Any CPU
		{40E5D991-6B47-4E14-9486-F08926A5E6A9}.Debug|Any CPU.ActiveCfg = Debug|Any CPU
		{40E5D991-6B47-4E14-9486-F08926A5E6A9}.Debug|Any CPU.Build.0 = Debug|Any CPU
		{40E5D991-6B47-4E14-9486-F08926A5E6A9}.Release|Any CPU.ActiveCfg = Release|Any CPU
		{40E5D991-6B47-4E14-9486-F08926A5E6A9}.Release|Any CPU.Build.0 = Release|Any CPU
		{E21C9F3A-CB95-43EA-99AE-80D77685E1BD}.Debug|Any CPU.ActiveCfg = Debug|Any CPU
		{E21C9F3A-CB95-43EA-99AE-80D77685E1BD}.Debug|Any CPU.Build.0 = Debug|Any CPU
		{E21C9F3A-CB95-43EA-99AE-80D77685E1BD}.Release|Any CPU.ActiveCfg = Release|Any CPU
		{E21C9F3A-CB95-43EA-99AE-80D77685E1BD}.Release|Any CPU.Build.0 = Release|Any CPU
	EndGlobalSection
	GlobalSection(SolutionProperties) = preSolution
		HideSolutionNode = FALSE
	EndGlobalSection
	GlobalSection(NestedProjects) = preSolution
		{BF0F14E7-6907-49A9-BF01-75DBE2DE584F} = {E5419FBC-5386-4315-A38B-E0F8A651D61C}
		{01364ED3-07F3-4767-9F9B-C00117585799} = {E5419FBC-5386-4315-A38B-E0F8A651D61C}
		{EFCEC88C-FF19-45DA-8BED-2D68535BABCD} = {E5419FBC-5386-4315-A38B-E0F8A651D61C}
		{426EA503-4ED0-424E-A72A-D316434E1FB2} = {7F321CD4-22F2-4A21-A159-4C598EAB5BCE}
		{80A8A18C-5E45-4228-B440-668DAACB81DA} = {7B1320D4-45B6-49AE-BF45-AB22ACE18336}
		{8A2BA79C-3621-4F60-BA3A-9653283041B6} = {E5419FBC-5386-4315-A38B-E0F8A651D61C}
		{7A37C1D4-067A-4F5C-819B-57CCB29F33DF} = {7B1320D4-45B6-49AE-BF45-AB22ACE18336}
		{40E5D991-6B47-4E14-9486-F08926A5E6A9} = {7F321CD4-22F2-4A21-A159-4C598EAB5BCE}
		{E21C9F3A-CB95-43EA-99AE-80D77685E1BD} = {E5419FBC-5386-4315-A38B-E0F8A651D61C}
	EndGlobalSection
	GlobalSection(ExtensibilityGlobals) = postSolution
		SolutionGuid = {590ADB65-5B13-446C-88AA-08198831BF30}
	EndGlobalSection
EndGlobal
